{
  "name": "svg-file-generator",
  "version": "1.0.0",
  "lockfileVersion": 3,
  "requires": true,
  "packages": {
    "": {
      "name": "svg-file-generator",
      "version": "1.0.0",
      "license": "ISC",
      "dependencies": {
        "enquirer": "^2.0.0"
      }
    },
    "node_modules/ansi-colors": {
      "version": "3.2.4",
      "resolved": "https://registry.npmjs.org/ansi-colors/-/ansi-colors-3.2.4.tgz",
      "integrity": "sha512-hHUXGagefjN2iRrID63xckIvotOXOojhQKWIPUZ4mNUZ9nLZW+7FMNoE1lOkEhNWYsx/7ysGIuJYCiMAA9FnrA==",
      "engines": {
        "node": ">=6"
      }
    },
    "node_modules/enquirer": {
      "version": "2.0.0",
      "resolved": "https://registry.npmjs.org/enquirer/-/enquirer-2.0.0.tgz",
      "integrity": "sha512-UcURxxeBU09w0DRt7bgWObL53vH7r/lblqCwwdWkzmM5nEuo8Z5UEC3AblqdwO8RbWeOdcrz0vpR5AvDMPfb3g==",
      "dependencies": {
        "ansi-colors": "^3.2.1"
      },
      "engines": {
        "node": ">=8.6"
      }
    }
  }
}
